
Microsoft Visual Studio Solution File, Format Version 12.00
# Visual Studio Version 16
VisualStudioVersion = 16.0.31005.135
MinimumVisualStudioVersion = 10.0.40219.1
Project("{FAE04EC0-301F-11D3-BF4B-00C04F79EFBC}") = "Xadrez-Console", "Xadrez-Console\Xadrez-Console.csproj", "{9447AC17-9DC8-4A29-B16C-4FB6C45F90BC}"
EndProject
Global
	GlobalSection(SolutionConfigurationPlatforms) = preSolution
		Debug|Any CPU = Debug|Any CPU
		Release|Any CPU = Release|Any CPU
	EndGlobalSection
	GlobalSection(ProjectConfigurationPlatforms) = postSolution
		{9447AC17-9DC8-4A29-B16C-4FB6C45F90BC}.Debug|Any CPU.ActiveCfg = Debug|Any CPU
		{9447AC17-9DC8-4A29-B16C-4FB6C45F90BC}.Debug|Any CPU.Build.0 = Debug|Any CPU
		{9447AC17-9DC8-4A29-B16C-4FB6C45F90BC}.Release|Any CPU.ActiveCfg = Release|Any CPU
		{9447AC17-9DC8-4A29-B16C-4FB6C45F90BC}.Release|Any CPU.Build.0 = Release|Any CPU
	EndGlobalSection
	GlobalSection(SolutionProperties) = preSolution
		HideSolutionNode = FALSE
	EndGlobalSection
	GlobalSection(ExtensibilityGlobals) = postSolution
		SolutionGuid = {01E31F6C-B13F-43CB-BFF2-B315FBEE2FCC}
	EndGlobalSection
EndGlobal
